
Microsoft Visual Studio Solution File, Format Version 12.00
# Visual Studio Version 17
VisualStudioVersion = 17.11.35222.181
MinimumVisualStudioVersion = 10.0.40219.1
Project("{FAE04EC0-301F-11D3-BF4B-00C04F79EFBC}") = "Exotisch_Nederland_Intratuin", "Exotisch_Nederland_Intratuin\Exotisch_Nederland_Intratuin.csproj", "{14247205-993B-4F48-8E44-120B7317C5A7}"
EndProject
Global
	GlobalSection(SolutionConfigurationPlatforms) = preSolution
		Debug|Any CPU = Debug|Any CPU
		Release|Any CPU = Release|Any CPU
	EndGlobalSection
	GlobalSection(ProjectConfigurationPlatforms) = postSolution
		{14247205-993B-4F48-8E44-120B7317C5A7}.Debug|Any CPU.ActiveCfg = Debug|Any CPU
		{14247205-993B-4F48-8E44-120B7317C5A7}.Debug|Any CPU.Build.0 = Debug|Any CPU
		{14247205-993B-4F48-8E44-120B7317C5A7}.Release|Any CPU.ActiveCfg = Release|Any CPU
		{14247205-993B-4F48-8E44-120B7317C5A7}.Release|Any CPU.Build.0 = Release|Any CPU
	EndGlobalSection
	GlobalSection(SolutionProperties) = preSolution
		HideSolutionNode = FALSE
	EndGlobalSection
	GlobalSection(ExtensibilityGlobals) = postSolution
		SolutionGuid = {00AB557B-25FB-4626-9649-DC1FE2071F67}
	EndGlobalSection
EndGlobal
